
Microsoft Visual Studio Solution File, Format Version 12.00
# Visual Studio Version 17
VisualStudioVersion = 17.6.33712.159
MinimumVisualStudioVersion = 10.0.40219.1
Project("{9A19103F-16F7-4668-BE54-9A1E7A4F7556}") = "BrizaBreath", "BrizaBreath.csproj", "{CDBB9B47-85B6-46B6-ACEC-91307B693FED}"
EndProject
Global
	GlobalSection(SolutionConfigurationPlatforms) = preSolution
		Debug|Any CPU = Debug|Any CPU
		Release|Any CPU = Release|Any CPU
	EndGlobalSection
	GlobalSection(ProjectConfigurationPlatforms) = postSolution
		{CDBB9B47-85B6-46B6-ACEC-91307B693FED}.Debug|Any CPU.ActiveCfg = Debug|Any CPU
		{CDBB9B47-85B6-46B6-ACEC-91307B693FED}.Debug|Any CPU.Build.0 = Debug|Any CPU
		{CDBB9B47-85B6-46B6-ACEC-91307B693FED}.Release|Any CPU.ActiveCfg = Release|Any CPU
		{CDBB9B47-85B6-46B6-ACEC-91307B693FED}.Release|Any CPU.Build.0 = Release|Any CPU
	EndGlobalSection
	GlobalSection(SolutionProperties) = preSolution
		HideSolutionNode = FALSE
	EndGlobalSection
	GlobalSection(ExtensibilityGlobals) = postSolution
		SolutionGuid = {BCD3E644-3908-4DF2-BF71-6278709CB396}
	EndGlobalSection
EndGlobal
